
Microsoft Visual Studio Solution File, Format Version 12.00
# Visual Studio Version 17
VisualStudioVersion = 17.8.34511.84
MinimumVisualStudioVersion = 10.0.40219.1
Project("{FAE04EC0-301F-11D3-BF4B-00C04F79EFBC}") = "Inventory", "Inventory.csproj", "{FFEDB85B-2264-4282-9CD4-0677B41BC7F7}"
EndProject
Global
	GlobalSection(SolutionConfigurationPlatforms) = preSolution
		Debug|Any CPU = Debug|Any CPU
		Release|Any CPU = Release|Any CPU
	EndGlobalSection
	GlobalSection(ProjectConfigurationPlatforms) = postSolution
		{FFEDB85B-2264-4282-9CD4-0677B41BC7F7}.Debug|Any CPU.ActiveCfg = Debug|Any CPU
		{FFEDB85B-2264-4282-9CD4-0677B41BC7F7}.Debug|Any CPU.Build.0 = Debug|Any CPU
		{FFEDB85B-2264-4282-9CD4-0677B41BC7F7}.Release|Any CPU.ActiveCfg = Release|Any CPU
		{FFEDB85B-2264-4282-9CD4-0677B41BC7F7}.Release|Any CPU.Build.0 = Release|Any CPU
	EndGlobalSection
	GlobalSection(SolutionProperties) = preSolution
		HideSolutionNode = FALSE
	EndGlobalSection
	GlobalSection(ExtensibilityGlobals) = postSolution
		SolutionGuid = {82286D7A-2780-4296-A12A-A348BA7D083B}
	EndGlobalSection
EndGlobal
